// !$*UTF8*$!
{
	archiveVersion = 1;
	classes = {
	};
	objectVersion = 50;
	objects = {

/* Begin PBXBuildFile section */
		9CB1F56B216CB3DC006819F2 /* AppDelegate.swift in Sources */ = {isa = PBXBuildFile; fileRef = 9CB1F56A216CB3DC006819F2 /* AppDelegate.swift */; };
		9CB1F56D216CB3DC006819F2 /* ViewController.swift in Sources */ = {isa = PBXBuildFile; fileRef = 9CB1F56C216CB3DC006819F2 /* ViewController.swift */; };
		9CB1F570216CB3DC006819F2 /* Main.storyboard in Resources */ = {isa = PBXBuildFile; fileRef = 9CB1F56E216CB3DC006819F2 /* Main.storyboard */; };
		9CB1F572216CB3DE006819F2 /* Assets.xcassets in Resources */ = {isa = PBXBuildFile; fileRef = 9CB1F571216CB3DE006819F2 /* Assets.xcassets */; };
		9CB1F575216CB3DE006819F2 /* LaunchScreen.storyboard in Resources */ = {isa = PBXBuildFile; fileRef = 9CB1F573216CB3DE006819F2 /* LaunchScreen.storyboard */; };
		9CB1F580216CB3DE006819F2 /* Esercitazione_n_1Tests.swift in Sources */ = {isa = PBXBuildFile; fileRef = 9CB1F57F216CB3DE006819F2 /* Esercitazione_n_1Tests.swift */; };
		9CB1F58B216CB3DE006819F2 /* Esercitazione_n_1UITests.swift in Sources */ = {isa = PBXBuildFile; fileRef = 9CB1F58A216CB3DE006819F2 /* Esercitazione_n_1UITests.swift */; };
/* End PBXBuildFile section */

/* Begin PBXContainerItemProxy section */
		9CB1F57C216CB3DE006819F2 /* PBXContainerItemProxy */ = {
			isa = PBXContainerItemProxy;
			containerPortal = 9CB1F55F216CB3DC006819F2 /* Project object */;
			proxyType = 1;
			remoteGlobalIDString = 9CB1F566216CB3DC006819F2;
			remoteInfo = "Esercitazione n.1";
		};
		9CB1F587216CB3DE006819F2 /* PBXContainerItemProxy */ = {
			isa = PBXContainerItemProxy;
			containerPortal = 9CB1F55F216CB3DC006819F2 /* Project object */;
			proxyType = 1;
			remoteGlobalIDString = 9CB1F566216CB3DC006819F2;
			remoteInfo = "Esercitazione n.1";
		};
/* End PBXContainerItemProxy section */

/* Begin PBXFileReference section */
		9CB1F567216CB3DC006819F2 /* Esercitazione n.1.app */ = {isa = PBXFileReference; explicitFileType = wrapper.application; includeInIndex = 0; path = "Esercitazione n.1.app"; sourceTree = BUILT_PRODUCTS_DIR; };
		9CB1F56A216CB3DC006819F2 /* AppDelegate.swift */ = {isa = PBXFileReference; lastKnownFileType = sourcecode.swift; path = AppDelegate.swift; sourceTree = "<group>"; };
		9CB1F56C216CB3DC006819F2 /* ViewController.swift */ = {isa = PBXFileReference; lastKnownFileType = sourcecode.swift; path = ViewController.swift; sourceTree = "<group>"; };
		9CB1F56F216CB3DC006819F2 /* Base */ = {isa = PBXFileReference; lastKnownFileType = file.storyboard; name = Base; path = Base.lproj/Main.storyboard; sourceTree = "<group>"; };
		9CB1F571216CB3DE006819F2 /* Assets.xcassets */ = {isa = PBXFileReference; lastKnownFileType = folder.assetcatalog; path = Assets.xcassets; sourceTree = "<group>"; };
		9CB1F574216CB3DE006819F2 /* Base */ = {isa = PBXFileReference; lastKnownFileType = file.storyboard; name = Base; path = Base.lproj/LaunchScreen.storyboard; sourceTree = "<group>"; };
		9CB1F576216CB3DE006819F2 /* Info.plist */ = {isa = PBXFileReference; lastKnownFileType = text.plist.xml; path = Info.plist; sourceTree = "<group>"; };
		9CB1F57B216CB3DE006819F2 /* Esercitazione n.1Tests.xctest */ = {isa = PBXFileReference; explicitFileType = wrapper.cfbundle; includeInIndex = 0; path = "Esercitazione n.1Tests.xctest"; sourceTree = BUILT_PRODUCTS_DIR; };
		9CB1F57F216CB3DE006819F2 /* Esercitazione_n_1Tests.swift */ = {isa = PBXFileReference; lastKnownFileType = sourcecode.swift; path = Esercitazione_n_1Tests.swift; sourceTree = "<group>"; };
		9CB1F581216CB3DE006819F2 /* Info.plist */ = {isa = PBXFileReference; lastKnownFileType = text.plist.xml; path = Info.plist; sourceTree = "<group>"; };
		9CB1F586216CB3DE006819F2 /* Esercitazione n.1UITests.xctest */ = {isa = PBXFileReference; explicitFileType = wrapper.cfbundle; includeInIndex = 0; path = "Esercitazione n.1UITests.xctest"; sourceTree = BUILT_PRODUCTS_DIR; };
		9CB1F58A216CB3DE006819F2 /* Esercitazione_n_1UITests.swift */ = {isa = PBXFileReference; lastKnownFileType = sourcecode.swift; path = Esercitazione_n_1UITests.swift; sourceTree = "<group>"; };
		9CB1F58C216CB3DE006819F2 /* Info.plist */ = {isa = PBXFileReference; lastKnownFileType = text.plist.xml; path = Info.plist; sourceTree = "<group>"; };
/* End PBXFileReference section */

/* Begin PBXFrameworksBuildPhase section */
		9CB1F564216CB3DC006819F2 /* Frameworks */ = {
			isa = PBXFrameworksBuildPhase;
			buildActionMask = 2147483647;
			files = (
			);
			runOnlyForDeploymentPostprocessing = 0;
		};
		9CB1F578216CB3DE006819F2 /* Frameworks */ = {
			isa = PBXFrameworksBuildPhase;
			buildActionMask = 2147483647;
			files = (
			);
			runOnlyForDeploymentPostprocessing = 0;
		};
		9CB1F583216CB3DE006819F2 /* Frameworks */ = {
			isa = PBXFrameworksBuildPhase;
			buildActionMask = 2147483647;
			files = (
			);
			runOnlyForDeploymentPostprocessing = 0;
		};
/* End PBXFrameworksBuildPhase section */

/* Begin PBXGroup section */
		9CB1F55E216CB3DC006819F2 = {
			isa = PBXGroup;
			children = (
				9CB1F569216CB3DC006819F2 /* Esercitazione n.1 */,
				9CB1F57E216CB3DE006819F2 /* Esercitazione n.1Tests */,
				9CB1F589216CB3DE006819F2 /* Esercitazione n.1UITests */,
				9CB1F568216CB3DC006819F2 /* Products */,
			);
			sourceTree = "<group>";
		};
		9CB1F568216CB3DC006819F2 /* Products */ = {
			isa = PBXGroup;
			children = (
				9CB1F567216CB3DC006819F2 /* Esercitazione n.1.app */,
				9CB1F57B216CB3DE006819F2 /* Esercitazione n.1Tests.xctest */,
				9CB1F586216CB3DE006819F2 /* Esercitazione n.1UITests.xctest */,
			);
			name = Products;
			sourceTree = "<group>";
		};
		9CB1F569216CB3DC006819F2 /* Esercitazione n.1 */ = {
			isa = PBXGroup;
			children = (
				9CB1F56A216CB3DC006819F2 /* AppDelegate.swift */,
				9CB1F56C216CB3DC006819F2 /* ViewController.swift */,
				9CB1F56E216CB3DC006819F2 /* Main.storyboard */,
				9CB1F571216CB3DE006819F2 /* Assets.xcassets */,
				9CB1F573216CB3DE006819F2 /* LaunchScreen.storyboard */,
				9CB1F576216CB3DE006819F2 /* Info.plist */,
			);
			path = "Esercitazione n.1";
			sourceTree = "<group>";
		};
		9CB1F57E216CB3DE006819F2 /* Esercitazione n.1Tests */ = {
			isa = PBXGroup;
			children = (
				9CB1F57F216CB3DE006819F2 /* Esercitazione_n_1Tests.swift */,
				9CB1F581216CB3DE006819F2 /* Info.plist */,
			);
			path = "Esercitazione n.1Tests";
			sourceTree = "<group>";
		};
		9CB1F589216CB3DE006819F2 /* Esercitazione n.1UITests */ = {
			isa = PBXGroup;
			children = (
				9CB1F58A216CB3DE006819F2 /* Esercitazione_n_1UITests.swift */,
				9CB1F58C216CB3DE006819F2 /* Info.plist */,
			);
			path = "Esercitazione n.1UITests";
			sourceTree = "<group>";
		};
/* End PBXGroup section */

/* Begin PBXNativeTarget section */
		9CB1F566216CB3DC006819F2 /* Esercitazione n.1 */ = {
			isa = PBXNativeTarget;
			buildConfigurationList = 9CB1F58F216CB3DE006819F2 /* Build configuration list for PBXNativeTarget "Esercitazione n.1" */;
			buildPhases = (
				9CB1F563216CB3DC006819F2 /* Sources */,
				9CB1F564216CB3DC006819F2 /* Frameworks */,
				9CB1F565216CB3DC006819F2 /* Resources */,
			);
			buildRules = (
			);
			dependencies = (
			);
			name = "Esercitazione n.1";
			productName = "Esercitazione n.1";
			productReference = 9CB1F567216CB3DC006819F2 /* Esercitazione n.1.app */;
			productType = "com.apple.product-type.application";
		};
		9CB1F57A216CB3DE006819F2 /* Esercitazione n.1Tests */ = {
			isa = PBXNativeTarget;
			buildConfigurationList = 9CB1F592216CB3DE006819F2 /* Build configuration list for PBXNativeTarget "Esercitazione n.1Tests" */;
			buildPhases = (
				9CB1F577216CB3DE006819F2 /* Sources */,
				9CB1F578216CB3DE006819F2 /* Frameworks */,
				9CB1F579216CB3DE006819F2 /* Resources */,
			);
			buildRules = (
			);
			dependencies = (
				9CB1F57D216CB3DE006819F2 /* PBXTargetDependency */,
			);
			name = "Esercitazione n.1Tests";
			productName = "Esercitazione n.1Tests";
			productReference = 9CB1F57B216CB3DE006819F2 /* Esercitazione n.1Tests.xctest */;
			productType = "com.apple.product-type.bundle.unit-test";
		};
		9CB1F585216CB3DE006819F2 /* Esercitazione n.1UITests */ = {
			isa = PBXNativeTarget;
			buildConfigurationList = 9CB1F595216CB3DE006819F2 /* Build configuration list for PBXNativeTarget "Esercitazione n.1UITests" */;
			buildPhases = (
				9CB1F582216CB3DE006819F2 /* Sources */,
				9CB1F583216CB3DE006819F2 /* Frameworks */,
				9CB1F584216CB3DE006819F2 /* Resources */,
			);
			buildRules = (
			);
			dependencies = (
				9CB1F588216CB3DE006819F2 /* PBXTargetDependency */,
			);
			name = "Esercitazione n.1UITests";
			productName = "Esercitazione n.1UITests";
			productReference = 9CB1F586216CB3DE006819F2 /* Esercitazione n.1UITests.xctest */;
			productType = "com.apple.product-type.bundle.ui-testing";
		};
/* End PBXNativeTarget section */

/* Begin PBXProject section */
		9CB1F55F216CB3DC006819F2 /* Project object */ = {
			isa = PBXProject;
			attributes = {
				LastSwiftUpdateCheck = 1000;
				LastUpgradeCheck = 1000;
				ORGANIZATIONNAME = "Alessio Lasta";
				TargetAttributes = {
					9CB1F566216CB3DC006819F2 = {
						CreatedOnToolsVersion = 10.0;
					};
					9CB1F57A216CB3DE006819F2 = {
						CreatedOnToolsVersion = 10.0;
						TestTargetID = 9CB1F566216CB3DC006819F2;
					};
					9CB1F585216CB3DE006819F2 = {
						CreatedOnToolsVersion = 10.0;
						TestTargetID = 9CB1F566216CB3DC006819F2;
					};
				};
			};
			buildConfigurationList = 9CB1F562216CB3DC006819F2 /* Build configuration list for PBXProject "Esercitazione n.1" */;
			compatibilityVersion = "Xcode 9.3";
			developmentRegion = en;
			hasScannedForEncodings = 0;
			knownRegions = (
				en,
				Base,
			);
			mainGroup = 9CB1F55E216CB3DC006819F2;
			productRefGroup = 9CB1F568216CB3DC006819F2 /* Products */;
			projectDirPath = "";
			projectRoot = "";
			targets = (
				9CB1F566216CB3DC006819F2 /* Esercitazione n.1 */,
				9CB1F57A216CB3DE006819F2 /* Esercitazione n.1Tests */,
				9CB1F585216CB3DE006819F2 /* Esercitazione n.1UITests */,
			);
		};
/* End PBXProject section */

/* Begin PBXResourcesBuildPhase section */
		9CB1F565216CB3DC006819F2 /* Resources */ = {
			isa = PBXResourcesBuildPhase;
			buildActionMask = 2147483647;
			files = (
				9CB1F575216CB3DE006819F2 /* LaunchScreen.storyboard in Resources */,
				9CB1F572216CB3DE006819F2 /* Assets.xcassets in Resources */,
				9CB1F570216CB3DC006819F2 /* Main.storyboard in Resources */,
			);
			runOnlyForDeploymentPostprocessing = 0;
		};
		9CB1F579216CB3DE006819F2 /* Resources */ = {
			isa = PBXResourcesBuildPhase;
			buildActionMask = 2147483647;
			files = (
			);
			runOnlyForDeploymentPostprocessing = 0;
		};
		9CB1F584216CB3DE006819F2 /* Resources */ = {
			isa = PBXResourcesBuildPhase;
			buildActionMask = 2147483647;
			files = (
			);
			runOnlyForDeploymentPostprocessing = 0;
		};
/* End PBXResourcesBuildPhase section */

/* Begin PBXSourcesBuildPhase section */
		9CB1F563216CB3DC006819F2 /* Sources */ = {
			isa = PBXSourcesBuildPhase;
			buildActionMask = 2147483647;
			files = (
				9CB1F56D216CB3DC006819F2 /* ViewController.swift in Sources */,
				9CB1F56B216CB3DC006819F2 /* AppDelegate.swift in Sources */,
			);
			runOnlyForDeploymentPostprocessing = 0;
		};
		9CB1F577216CB3DE006819F2 /* Sources */ = {
			isa = PBXSourcesBuildPhase;
			buildActionMask = 2147483647;
			files = (
				9CB1F580216CB3DE006819F2 /* Esercitazione_n_1Tests.swift in Sources */,
			);
			runOnlyForDeploymentPostprocessing = 0;
		};
		9CB1F582216CB3DE006819F2 /* Sources */ = {
			isa = PBXSourcesBuildPhase;
			buildActionMask = 2147483647;
			files = (
				9CB1F58B216CB3DE006819F2 /* Esercitazione_n_1UITests.swift in Sources */,
			);
			runOnlyForDeploymentPostprocessing = 0;
		};
/* End PBXSourcesBuildPhase section */

/* Begin PBXTargetDependency section */
		9CB1F57D216CB3DE006819F2 /* PBXTargetDependency */ = {
			isa = PBXTargetDependency;
			target = 9CB1F566216CB3DC006819F2 /* Esercitazione n.1 */;
			targetProxy = 9CB1F57C216CB3DE006819F2 /* PBXContainerItemProxy */;
		};
		9CB1F588216CB3DE006819F2 /* PBXTargetDependency */ = {
			isa = PBXTargetDependency;
			target = 9CB1F566216CB3DC006819F2 /* Esercitazione n.1 */;
			targetProxy = 9CB1F587216CB3DE006819F2 /* PBXContainerItemProxy */;
		};
/* End PBXTargetDependency section */

/* Begin PBXVariantGroup section */
		9CB1F56E216CB3DC006819F2 /* Main.storyboard */ = {
			isa = PBXVariantGroup;
			children = (
				9CB1F56F216CB3DC006819F2 /* Base */,
			);
			name = Main.storyboard;
			sourceTree = "<group>";
		};
		9CB1F573216CB3DE006819F2 /* LaunchScreen.storyboard */ = {
			isa = PBXVariantGroup;
			children = (
				9CB1F574216CB3DE006819F2 /* Base */,
			);
			name = LaunchScreen.storyboard;
			sourceTree = "<group>";
		};
/* End PBXVariantGroup section */

/* Begin XCBuildConfiguration section */
		9CB1F58D216CB3DE006819F2 /* Debug */ = {
			isa = XCBuildConfiguration;
			buildSettings = {
				ALWAYS_SEARCH_USER_PATHS = NO;
				CLANG_ANALYZER_NONNULL = YES;
				CLANG_ANALYZER_NUMBER_OBJECT_CONVERSION = YES_AGGRESSIVE;
				CLANG_CXX_LANGUAGE_STANDARD = "gnu++14";
				CLANG_CXX_LIBRARY = "libc++";
				CLANG_ENABLE_MODULES = YES;
				CLANG_ENABLE_OBJC_ARC = YES;
				CLANG_ENABLE_OBJC_WEAK = YES;
				CLANG_WARN_BLOCK_CAPTURE_AUTORELEASING = YES;
				CLANG_WARN_BOOL_CONVERSION = YES;
				CLANG_WARN_COMMA = YES;
				CLANG_WARN_CONSTANT_CONVERSION = YES;
				CLANG_WARN_DEPRECATED_OBJC_IMPLEMENTATIONS = YES;
				CLANG_WARN_DIRECT_OBJC_ISA_USAGE = YES_ERROR;
				CLANG_WARN_DOCUMENTATION_COMMENTS = YES;
				CLANG_WARN_EMPTY_BODY = YES;
				CLANG_WARN_ENUM_CONVERSION = YES;
				CLANG_WARN_INFINITE_RECURSION = YES;
				CLANG_WARN_INT_CONVERSION = YES;
				CLANG_WARN_NON_LITERAL_NULL_CONVERSION = YES;
				CLANG_WARN_OBJC_IMPLICIT_RETAIN_SELF = YES;
				CLANG_WARN_OBJC_LITERAL_CONVERSION = YES;
				CLANG_WARN_OBJC_ROOT_CLASS = YES_ERROR;
				CLANG_WARN_RANGE_LOOP_ANALYSIS = YES;
				CLANG_WARN_STRICT_PROTOTYPES = YES;
				CLANG_WARN_SUSPICIOUS_MOVE = YES;
				CLANG_WARN_UNGUARDED_AVAILABILITY = YES_AGGRESSIVE;
				CLANG_WARN_UNREACHABLE_CODE = YES;
				CLANG_WARN__DUPLICATE_METHOD_MATCH = YES;
				CODE_SIGN_IDENTITY = "iPhone Developer";
				COPY_PHASE_STRIP = NO;
				DEBUG_INFORMATION_FORMAT = dwarf;
				ENABLE_STRICT_OBJC_MSGSEND = YES;
				ENABLE_TESTABILITY = YES;
				GCC_C_LANGUAGE_STANDARD = gnu11;
				GCC_DYNAMIC_NO_PIC = NO;
				GCC_NO_COMMON_BLOCKS = YES;
				GCC_OPTIMIZATION_LEVEL = 0;
				GCC_PREPROCESSOR_DEFINITIONS = (
					"DEBUG=1",
					"$(inherited)",
				);
				GCC_WARN_64_TO_32_BIT_CONVERSION = YES;
				GCC_WARN_ABOUT_RETURN_TYPE = YES_ERROR;
				GCC_WARN_UNDECLARED_SELECTOR = YES;
				GCC_WARN_UNINITIALIZED_AUTOS = YES_AGGRESSIVE;
				GCC_WARN_UNUSED_FUNCTION = YES;
				GCC_WARN_UNUSED_VARIABLE = YES;
				IPHONEOS_DEPLOYMENT_TARGET = 12.0;
				MTL_ENABLE_DEBUG_INFO = INCLUDE_SOURCE;
				MTL_FAST_MATH = YES;
				ONLY_ACTIVE_ARCH = YES;
				SDKROOT = iphoneos;
				SWIFT_ACTIVE_COMPILATION_CONDITIONS = DEBUG;
				SWIFT_OPTIMIZATION_LEVEL = "-Onone";
			};
			name = Debug;
		};
		9CB1F58E216CB3DE006819F2 /* Release */ = {
			isa = XCBuildConfiguration;
			buildSettings = {
				ALWAYS_SEARCH_USER_PATHS = NO;
				CLANG_ANALYZER_NONNULL = YES;
				CLANG_ANALYZER_NUMBER_OBJECT_CONVERSION = YES_AGGRESSIVE;
				CLANG_CXX_LANGUAGE_STANDARD = "gnu++14";
				CLANG_CXX_LIBRARY = "libc++";
				CLANG_ENABLE_MODULES = YES;
				CLANG_ENABLE_OBJC_ARC = YES;
				CLANG_ENABLE_OBJC_WEAK = YES;
				CLANG_WARN_BLOCK_CAPTURE_AUTORELEASING = YES;
				CLANG_WARN_BOOL_CONVERSION = YES;
				CLANG_WARN_COMMA = YES;
				CLANG_WARN_CONSTANT_CONVERSION = YES;
				CLANG_WARN_DEPRECATED_OBJC_IMPLEMENTATIONS = YES;
				CLANG_WARN_DIRECT_OBJC_ISA_USAGE = YES_ERROR;
				CLANG_WARN_DOCUMENTATION_COMMENTS = YES;
				CLANG_WARN_EMPTY_BODY = YES;
				CLANG_WARN_ENUM_CONVERSION = YES;
				CLANG_WARN_INFINITE_RECURSION = YES;
				CLANG_WARN_INT_CONVERSION = YES;
				CLANG_WARN_NON_LITERAL_NULL_CONVERSION = YES;
				CLANG_WARN_OBJC_IMPLICIT_RETAIN_SELF = YES;
				CLANG_WARN_OBJC_LITERAL_CONVERSION = YES;
				CLANG_WARN_OBJC_ROOT_CLASS = YES_ERROR;
				CLANG_WARN_RANGE_LOOP_ANALYSIS = YES;
				CLANG_WARN_STRICT_PROTOTYPES = YES;
				CLANG_WARN_SUSPICIOUS_MOVE = YES;
				CLANG_WARN_UNGUARDED_AVAILABILITY = YES_AGGRESSIVE;
				CLANG_WARN_UNREACHABLE_CODE = YES;
				CLANG_WARN__DUPLICATE_METHOD_MATCH = YES;
				CODE_SIGN_IDENTITY = "iPhone Developer";
				COPY_PHASE_STRIP = NO;
				DEBUG_INFORMATION_FORMAT = "dwarf-with-dsym";
				ENABLE_NS_ASSERTIONS = NO;
				ENABLE_STRICT_OBJC_MSGSEND = YES;
				GCC_C_LANGUAGE_STANDARD = gnu11;
				GCC_NO_COMMON_BLOCKS = YES;
				GCC_WARN_64_TO_32_BIT_CONVERSION = YES;
				GCC_WARN_ABOUT_RETURN_TYPE = YES_ERROR;
				GCC_WARN_UNDECLARED_SELECTOR = YES;
				GCC_WARN_UNINITIALIZED_AUTOS = YES_AGGRESSIVE;
				GCC_WARN_UNUSED_FUNCTION = YES;
				GCC_WARN_UNUSED_VARIABLE = YES;
				IPHONEOS_DEPLOYMENT_TARGET = 12.0;
				MTL_ENABLE_DEBUG_INFO = NO;
				MTL_FAST_MATH = YES;
				SDKROOT = iphoneos;
				SWIFT_COMPILATION_MODE = wholemodule;
				SWIFT_OPTIMIZATION_LEVEL = "-O";
				VALIDATE_PRODUCT = YES;
			};
			name = Release;
		};
		9CB1F590216CB3DE006819F2 /* Debug */ = {
			isa = XCBuildConfiguration;
			buildSettings = {
				ASSETCATALOG_COMPILER_APPICON_NAME = AppIcon;
				CODE_SIGN_STYLE = Automatic;
				INFOPLIST_FILE = "Esercitazione n.1/Info.plist";
				LD_RUNPATH_SEARCH_PATHS = (
					"$(inherited)",
					"@executable_path/Frameworks",
				);
				PRODUCT_BUNDLE_IDENTIFIER = "com.example.Esercitazione-n-1";
				PRODUCT_NAME = "$(TARGET_NAME)";
				SWIFT_VERSION = 4.2;
				TARGETED_DEVICE_FAMILY = "1,2";
			};
			name = Debug;
		};
		9CB1F591216CB3DE006819F2 /* Release */ = {
			isa = XCBuildConfiguration;
			buildSettings = {
				ASSETCATALOG_COMPILER_APPICON_NAME = AppIcon;
				CODE_SIGN_STYLE = Automatic;
				INFOPLIST_FILE = "Esercitazione n.1/Info.plist";
				LD_RUNPATH_SEARCH_PATHS = (
					"$(inherited)",
					"@executable_path/Frameworks",
				);
				PRODUCT_BUNDLE_IDENTIFIER = "com.example.Esercitazione-n-1";
				PRODUCT_NAME = "$(TARGET_NAME)";
				SWIFT_VERSION = 4.2;
				TARGETED_DEVICE_FAMILY = "1,2";
			};
			name = Release;
		};
		9CB1F593216CB3DE006819F2 /* Debug */ = {
			isa = XCBuildConfiguration;
			buildSettings = {
				ALWAYS_EMBED_SWIFT_STANDARD_LIBRARIES = YES;
				BUNDLE_LOADER = "$(TEST_HOST)";
				CODE_SIGN_STYLE = Automatic;
				INFOPLIST_FILE = "Esercitazione n.1Tests/Info.plist";
				LD_RUNPATH_SEARCH_PATHS = (
					"$(inherited)",
					"@executable_path/Frameworks",
					"@loader_path/Frameworks",
				);
				PRODUCT_BUNDLE_IDENTIFIER = "com.example.Esercitazione-n-1Tests";
				PRODUCT_NAME = "$(TARGET_NAME)";
				SWIFT_VERSION = 4.2;
				TARGETED_DEVICE_FAMILY = "1,2";
				TEST_HOST = "$(BUILT_PRODUCTS_DIR)/Esercitazione n.1.app/Esercitazione n.1";
			};
			name = Debug;
		};
		9CB1F594216CB3DE006819F2 /* Release */ = {
			isa = XCBuildConfiguration;
			buildSettings = {
				ALWAYS_EMBED_SWIFT_STANDARD_LIBRARIES = YES;
				BUNDLE_LOADER = "$(TEST_HOST)";
				CODE_SIGN_STYLE = Automatic;
				INFOPLIST_FILE = "Esercitazione n.1Tests/Info.plist";
				LD_RUNPATH_SEARCH_PATHS = (
					"$(inherited)",
					"@executable_path/Frameworks",
					"@loader_path/Frameworks",
				);
				PRODUCT_BUNDLE_IDENTIFIER = "com.example.Esercitazione-n-1Tests";
				PRODUCT_NAME = "$(TARGET_NAME)";
				SWIFT_VERSION = 4.2;
				TARGETED_DEVICE_FAMILY = "1,2";
				TEST_HOST = "$(BUILT_PRODUCTS_DIR)/Esercitazione n.1.app/Esercitazione n.1";
			};
			name = Release;
		};
		9CB1F596216CB3DE006819F2 /* Debug */ = {
			isa = XCBuildConfiguration;
			buildSettings = {
				ALWAYS_EMBED_SWIFT_STANDARD_LIBRARIES = YES;
				CODE_SIGN_STYLE = Automatic;
				INFOPLIST_FILE = "Esercitazione n.1UITests/Info.plist";
				LD_RUNPATH_SEARCH_PATHS = (
					"$(inherited)",
					"@executable_path/Frameworks",
					"@loader_path/Frameworks",
				);
				PRODUCT_BUNDLE_IDENTIFIER = "com.example.Esercitazione-n-1UITests";
				PRODUCT_NAME = "$(TARGET_NAME)";
				SWIFT_VERSION = 4.2;
				TARGETED_DEVICE_FAMILY = "1,2";
				TEST_TARGET_NAME = "Esercitazione n.1";
			};
			name = Debug;
		};
		9CB1F597216CB3DE006819F2 /* Release */ = {
			isa = XCBuildConfiguration;
			buildSettings = {
				ALWAYS_EMBED_SWIFT_STANDARD_LIBRARIES = YES;
				CODE_SIGN_STYLE = Automatic;
				INFOPLIST_FILE = "Esercitazione n.1UITests/Info.plist";
				LD_RUNPATH_SEARCH_PATHS = (
					"$(inherited)",
					"@executable_path/Frameworks",
					"@loader_path/Frameworks",
				);
				PRODUCT_BUNDLE_IDENTIFIER = "com.example.Esercitazione-n-1UITests";
				PRODUCT_NAME = "$(TARGET_NAME)";
				SWIFT_VERSION = 4.2;
				TARGETED_DEVICE_FAMILY = "1,2";
				TEST_TARGET_NAME = "Esercitazione n.1";
			};
			name = Release;
		};
/* End XCBuildConfiguration section */

/* Begin XCConfigurationList section */
		9CB1F562216CB3DC006819F2 /* Build configuration list for PBXProject "Esercitazione n.1" */ = {
			isa = XCConfigurationList;
			buildConfigurations = (
				9CB1F58D216CB3DE006819F2 /* Debug */,
				9CB1F58E216CB3DE006819F2 /* Release */,
			);
			defaultConfigurationIsVisible = 0;
			defaultConfigurationName = Release;
		};
		9CB1F58F216CB3DE006819F2 /* Build configuration list for PBXNativeTarget "Esercitazione n.1" */ = {
			isa = XCConfigurationList;
			buildConfigurations = (
				9CB1F590216CB3DE006819F2 /* Debug */,
				9CB1F591216CB3DE006819F2 /* Release */,
			);
			defaultConfigurationIsVisible = 0;
			defaultConfigurationName = Release;
		};
		9CB1F592216CB3DE006819F2 /* Build configuration list for PBXNativeTarget "Esercitazione n.1Tests" */ = {
			isa = XCConfigurationList;
			buildConfigurations = (
				9CB1F593216CB3DE006819F2 /* Debug */,
				9CB1F594216CB3DE006819F2 /* Release */,
			);
			defaultConfigurationIsVisible = 0;
			defaultConfigurationName = Release;
		};
		9CB1F595216CB3DE006819F2 /* Build configuration list for PBXNativeTarget "Esercitazione n.1UITests" */ = {
			isa = XCConfigurationList;
			buildConfigurations = (
				9CB1F596216CB3DE006819F2 /* Debug */,
				9CB1F597216CB3DE006819F2 /* Release */,
			);
			defaultConfigurationIsVisible = 0;
			defaultConfigurationName = Release;
		};
/* End XCConfigurationList section */
	};
	rootObject = 9CB1F55F216CB3DC006819F2 /* Project object */;
}
